{
  "name": "skillmetric",
  "lockfileVersion": 3,
  "requires": true,
  "packages": {
    "": {
      "name": "skillmetric",
      "dependencies": {
        "opencode-ai": "^1.15.6"
      }
    },
    "node_modules/opencode-ai": {
      "version": "1.15.6",
      "resolved": "https://registry.npmjs.org/opencode-ai/-/opencode-ai-1.15.6.tgz",
      "integrity": "sha512-y/sKEJh4i2TSqf7JQgn+Z52vaxY6n22Q4XEl6zKza1ee0zcXdGWtQI4eECeBbExWgEwp1VPfAXKzT4VkeI6Hyg==",
      "cpu": [
        "arm64",
        "x64"
      ],
      "hasInstallScript": true,
      "license": "MIT",
      "os": [
        "darwin",
        "linux",
        "win32"
      ],
      "bin": {
        "opencode": "bin/opencode.exe"
      },
      "optionalDependencies": {
        "opencode-darwin-arm64": "1.15.6",
        "opencode-darwin-x64": "1.15.6",
        "opencode-darwin-x64-baseline": "1.15.6",
        "opencode-linux-arm64": "1.15.6",
        "opencode-linux-arm64-musl": "1.15.6",
        "opencode-linux-x64": "1.15.6",
        "opencode-linux-x64-baseline": "1.15.6",
        "opencode-linux-x64-baseline-musl": "1.15.6",
        "opencode-linux-x64-musl": "1.15.6",
        "opencode-windows-arm64": "1.15.6",
        "opencode-windows-x64": "1.15.6",
        "opencode-windows-x64-baseline": "1.15.6"
      }
    },
    "node_modules/opencode-darwin-arm64": {
      "version": "1.15.6",
      "resolved": "https://registry.npmjs.org/opencode-darwin-arm64/-/opencode-darwin-arm64-1.15.6.tgz",
      "integrity": "sha512-db4a7DW8ojEElvDpyGkMWwAfz1qHDl3NejayFD+7bDOtsPZBjnwgxAlTDw+xzPKwA07LgXrWMNEJTJhFu0k68g==",
      "cpu": [
        "arm64"
      ],
      "optional": true,
      "os": [
        "darwin"
      ]
    },
    "node_modules/opencode-darwin-x64": {
      "version": "1.15.6",
      "resolved": "https://registry.npmjs.org/opencode-darwin-x64/-/opencode-darwin-x64-1.15.6.tgz",
      "integrity": "sha512-dXeOZNgHyuZq5OuLOzzofwT3uugXl93WkxI5T2Gd4DBGOcAN86n5TCKIP6/FyPgRICh5Ly0x24lL6L1CCI7f1Q==",
      "cpu": [
        "x64"
      ],
      "optional": true,
      "os": [
        "darwin"
      ]
    },
    "node_modules/opencode-darwin-x64-baseline": {
      "version": "1.15.6",
      "resolved": "https://registry.npmjs.org/opencode-darwin-x64-baseline/-/opencode-darwin-x64-baseline-1.15.6.tgz",
      "integrity": "sha512-r8hQ4oC3fCY9yrG1EJhR2O4cJNEdXbR8yT3jayUPhlPDkHp0vlff0tUD4lYWWQYFPxJEf68Enx5JQbW/A8xtKw==",
      "cpu": [
        "x64"
      ],
      "optional": true,
      "os": [
        "darwin"
      ]
    },
    "node_modules/opencode-linux-arm64": {
      "version": "1.15.6",
      "resolved": "https://registry.npmjs.org/opencode-linux-arm64/-/opencode-linux-arm64-1.15.6.tgz",
      "integrity": "sha512-LHJiHEzvQAPRwO8x0TMGEmw2IAA3pCbIogFyclBwJ5WC43qt1zSWfeLiDq+R1hHnuQHzCmU+jlHlSPwpJdGE3Q==",
      "cpu": [
        "arm64"
      ],
      "optional": true,
      "os": [
        "linux"
      ]
    },
    "node_modules/opencode-linux-arm64-musl": {
      "version": "1.15.6",
      "resolved": "https://registry.npmjs.org/opencode-linux-arm64-musl/-/opencode-linux-arm64-musl-1.15.6.tgz",
      "integrity": "sha512-rRWoWZwMYzOhVjLmZR/MUwE5J77V8vnaG7M/vCDhtSbu5fNqBGOgZClqD9esjZ+mKx9/frv1KPsLuRCuTiayJg==",
      "cpu": [
        "arm64"
      ],
      "optional": true,
      "os": [
        "linux"
      ]
    },
    "node_modules/opencode-linux-x64": {
      "version": "1.15.6",
      "resolved": "https://registry.npmjs.org/opencode-linux-x64/-/opencode-linux-x64-1.15.6.tgz",
      "integrity": "sha512-s9DLByRx2Q1q5aRBLTO8/FXPGiYI73M6QHeqbMX5HCWvNGN0Pzlpvl+b3S3a4k+mPKgOPJZp/cazGKcUobNvJA==",
      "cpu": [
        "x64"
      ],
      "optional": true,
      "os": [
        "linux"
      ]
    },
    "node_modules/opencode-linux-x64-baseline": {
      "version": "1.15.6",
      "resolved": "https://registry.npmjs.org/opencode-linux-x64-baseline/-/opencode-linux-x64-baseline-1.15.6.tgz",
      "integrity": "sha512-hvp68FLFrhu/hT5SNx94SpFyQmHYGNMZGSc4lZk7MmrpKpGpK7/j8s8v+fHs/tGQV2c9u15wFkOutMleQ6YvTg==",
      "cpu": [
        "x64"
      ],
      "optional": true,
      "os": [
        "linux"
      ]
    },
    "node_modules/opencode-linux-x64-baseline-musl": {
      "version": "1.15.6",
      "resolved": "https://registry.npmjs.org/opencode-linux-x64-baseline-musl/-/opencode-linux-x64-baseline-musl-1.15.6.tgz",
      "integrity": "sha512-8Rw25kxuUF/TbbVcxwmJIpbOWp9muDpr5pmoxxEGHQg7ZBk0Ft5nqbIhQ0nQJpvZ+WWobocmXQGUCcc1OFJTpQ==",
      "cpu": [
        "x64"
      ],
      "optional": true,
      "os": [
        "linux"
      ]
    },
    "node_modules/opencode-linux-x64-musl": {
      "version": "1.15.6",
      "resolved": "https://registry.npmjs.org/opencode-linux-x64-musl/-/opencode-linux-x64-musl-1.15.6.tgz",
      "integrity": "sha512-bD/j36b3i9QMzbM0SwKk8DO1Txq4Sgw+7iE+71+zorYWFEFSHrjNup+CVvlVRrDTqYAnm5QY7JrlZ26Iq73mgg==",
      "cpu": [
        "x64"
      ],
      "optional": true,
      "os": [
        "linux"
      ]
    },
    "node_modules/opencode-windows-arm64": {
      "version": "1.15.6",
      "resolved": "https://registry.npmjs.org/opencode-windows-arm64/-/opencode-windows-arm64-1.15.6.tgz",
      "integrity": "sha512-JtfyZkYnxG8wU4MVCtxSv0FwTThTt+C/qAWYBrdYqBB59r1BYRRb2iPXE1VT3UDdW4ffsyq8dfRrOQNMaynOUA==",
      "cpu": [
        "arm64"
      ],
      "optional": true,
      "os": [
        "win32"
      ]
    },
    "node_modules/opencode-windows-x64": {
      "version": "1.15.6",
      "resolved": "https://registry.npmjs.org/opencode-windows-x64/-/opencode-windows-x64-1.15.6.tgz",
      "integrity": "sha512-AXkD8ZAm51RBn7UoP5ayPqspzSFKRgP5hwZyOKiSWnP4A+mDr63FGCqbAujWIfJrVif1kQvyyKGFJr98thatHw==",
      "cpu": [
        "x64"
      ],
      "optional": true,
      "os": [
        "win32"
      ]
    },
    "node_modules/opencode-windows-x64-baseline": {
      "version": "1.15.6",
      "resolved": "https://registry.npmjs.org/opencode-windows-x64-baseline/-/opencode-windows-x64-baseline-1.15.6.tgz",
      "integrity": "sha512-ibfLTOxJSjh/SO2MSItayGBV6gMVGR2OARUy7RWYByecjTIOCpUwFwsNdj7E1uu+8PqE2L3iN6VLyakQ6WAq9g==",
      "cpu": [
        "x64"
      ],
      "optional": true,
      "os": [
        "win32"
      ]
    }
  }
}
